
Microsoft Visual Studio Solution File, Format Version 12.00
# Visual Studio 2013
VisualStudioVersion = 12.0.40629.0
MinimumVisualStudioVersion = 10.0.40219.1
Project("{2150E333-8FDC-42A3-9474-1A3956D46DE8}") = "Utils", "Utils", "{39D63C65-95ED-4FDF-8ADD-FFA59A6FBB61}"
EndProject
Project("{FAE04EC0-301F-11D3-BF4B-00C04F79EFBC}") = "HGShare.Business", "HGShare.Business\HGShare.Business.csproj", "{19E508F2-7283-49FC-86BE-ECE79DF31D27}"
EndProject
Project("{FAE04EC0-301F-11D3-BF4B-00C04F79EFBC}") = "HGShare.DataProvider", "HGShare.DataProvider\HGShare.DataProvider.csproj", "{905CE7EC-914F-4372-844D-07A97FBE1059}"
EndProject
Project("{FAE04EC0-301F-11D3-BF4B-00C04F79EFBC}") = "HGShare.Model", "HGShare.Model\HGShare.Model.csproj", "{5B05E790-14C8-4FD2-A37E-4894B71E675D}"
EndProject
Project("{FAE04EC0-301F-11D3-BF4B-00C04F79EFBC}") = "HGShare.VWModel", "HGShare.VWModel\HGShare.VWModel.csproj", "{81C476DC-AF02-4C0F-83F4-FA978BC1C959}"
EndProject
Project("{2150E333-8FDC-42A3-9474-1A3956D46DE8}") = "Web", "Web", "{1203DF7E-05D8-41A6-80A8-A18170F8F362}"
EndProject
Project("{FAE04EC0-301F-11D3-BF4B-00C04F79EFBC}") = "HGShare.Common", "HGShare.Common\HGShare.Common.csproj", "{DF322A3A-30C6-424A-8436-7A3E25A2BCC8}"
EndProject
Project("{FAE04EC0-301F-11D3-BF4B-00C04F79EFBC}") = "HGShare.Log", "HGShare.Log\HGShare.Log.csproj", "{4C2C97D4-A70A-4D3B-B6B9-07479E6BFE39}"
EndProject
Project("{FAE04EC0-301F-11D3-BF4B-00C04F79EFBC}") = "HGShare.Site", "HGShare.Site\HGShare.Site.csproj", "{E47810F2-AA92-4AD6-B9E0-3CA657E1DDB5}"
EndProject
Project("{2150E333-8FDC-42A3-9474-1A3956D46DE8}") = "DB", "DB", "{5A59CF0F-6C2D-4F57-9539-B0EA40B2FF73}"
EndProject
Project("{2150E333-8FDC-42A3-9474-1A3956D46DE8}") = "Business", "Business", "{B56A1F76-8DC0-49A4-B3AF-2D7BC94FFD14}"
EndProject
Project("{FAE04EC0-301F-11D3-BF4B-00C04F79EFBC}") = "HGShare.T4Code", "HGShare.T4Code\HGShare.T4Code.csproj", "{5C48D41A-EE49-4ABB-8502-C919103302AE}"
EndProject
Project("{2150E333-8FDC-42A3-9474-1A3956D46DE8}") = "Test", "Test", "{A891270A-8042-4396-A038-7C994EDC1FED}"
EndProject
Project("{FAE04EC0-301F-11D3-BF4B-00C04F79EFBC}") = "HGShare.Test", "HGShare.Test\HGShare.Test.csproj", "{9A6B058F-F224-4617-B81E-6E7ABF039BDB}"
EndProject
Project("{FAE04EC0-301F-11D3-BF4B-00C04F79EFBC}") = "HGShare.Enums", "HGShare.Enums\HGShare.Enums.csproj", "{5BD5F7FF-571D-41AD-81C5-010165367A11}"
EndProject
Project("{FAE04EC0-301F-11D3-BF4B-00C04F79EFBC}") = "HGShare.FileManager", "HGShare.FileManager\HGShare.FileManager.csproj", "{EB0686FC-D748-4F68-AF70-F74BB17148C9}"
EndProject
Project("{FAE04EC0-301F-11D3-BF4B-00C04F79EFBC}") = "HGShare.Cache", "HGShare.Cache\HGShare.Cache.csproj", "{434760F6-94C9-4A7B-B5D1-600593EF1A7A}"
EndProject
Project("{FAE04EC0-301F-11D3-BF4B-00C04F79EFBC}") = "HGShare.Container", "HGShare.Container\HGShare.Container.csproj", "{AC88188C-FCC1-44DC-AA5B-52F1639D19E4}"
EndProject
Project("{FAE04EC0-301F-11D3-BF4B-00C04F79EFBC}") = "HGShare.BBS", "HGShare.BBS\HGShare.BBS.csproj", "{4AFCA5AE-B575-4962-B115-CDCF5CA6FFCA}"
EndProject
Project("{FAE04EC0-301F-11D3-BF4B-00C04F79EFBC}") = "HGShare.Web.Interface", "HGShare.Web.Interface\HGShare.Web.Interface.csproj", "{901B7013-8F30-4DF9-87C2-6F3DDF9FDF48}"
EndProject
Project("{FAE04EC0-301F-11D3-BF4B-00C04F79EFBC}") = "HGShare.Web.Business", "HGShare.Web.Business\HGShare.Web.Business.csproj", "{535B234C-A0DF-437A-9545-6E61D98B08D6}"
EndProject
Project("{2150E333-8FDC-42A3-9474-1A3956D46DE8}") = "WebBusLayer", "WebBusLayer", "{2EA2A582-C691-4CF6-82E8-00306BF2B3D9}"
EndProject
Project("{FAE04EC0-301F-11D3-BF4B-00C04F79EFBC}") = "HGShare.Backstage", "HGShare.Backstage\HGShare.Backstage.csproj", "{B1244C43-7E48-46CD-853B-B537A180E7A4}"
EndProject
Project("{2150E333-8FDC-42A3-9474-1A3956D46DE8}") = "Entity", "Entity", "{32DDC747-B269-4D2C-BF20-40FDC2D1E6E5}"
EndProject
Project("{FAE04EC0-301F-11D3-BF4B-00C04F79EFBC}") = "HGShare.Web.ServiceManager", "HGShare.Web.ServiceManager\HGShare.Web.ServiceManager.csproj", "{B3E8DD4A-16C5-4F20-975D-CCCDB75A8C2A}"
EndProject
Project("{FAE04EC0-301F-11D3-BF4B-00C04F79EFBC}") = "HGShare.Utils.Interface", "HGShare.Utils.Interface\HGShare.Utils.Interface.csproj", "{1F8FF75B-62ED-46CE-8EC7-C5255C44173B}"
EndProject
Project("{FAE04EC0-301F-11D3-BF4B-00C04F79EFBC}") = "HGShare.Utils.FileCloud", "HGShare.Utils.FileCloud\HGShare.Utils.FileCloud.csproj", "{D84B52C8-B358-44CF-947F-88007C21FB00}"
EndProject
Project("{FAE04EC0-301F-11D3-BF4B-00C04F79EFBC}") = "HGShare.Utils.Mail", "HGShare.Utils.Mail\HGShare.Utils.Mail.csproj", "{99AEEE57-FB30-4C22-A86F-92B47CBA9E84}"
EndProject
Project("{FAE04EC0-301F-11D3-BF4B-00C04F79EFBC}") = "HGShare.Utils.VerifyCode", "HGShare.Utils.VerifyCode\HGShare.Utils.VerifyCode.csproj", "{DC014203-4464-4017-A8A7-3376959C00DE}"
EndProject
Global
	GlobalSection(SolutionConfigurationPlatforms) = preSolution
		Debug|Any CPU = Debug|Any CPU
		Release|Any CPU = Release|Any CPU
	EndGlobalSection
	GlobalSection(ProjectConfigurationPlatforms) = postSolution
		{19E508F2-7283-49FC-86BE-ECE79DF31D27}.Debug|Any CPU.ActiveCfg = Debug|Any CPU
		{19E508F2-7283-49FC-86BE-ECE79DF31D27}.Debug|Any CPU.Build.0 = Debug|Any CPU
		{19E508F2-7283-49FC-86BE-ECE79DF31D27}.Release|Any CPU.ActiveCfg = Release|Any CPU
		{19E508F2-7283-49FC-86BE-ECE79DF31D27}.Release|Any CPU.Build.0 = Release|Any CPU
		{905CE7EC-914F-4372-844D-07A97FBE1059}.Debug|Any CPU.ActiveCfg = Debug|Any CPU
		{905CE7EC-914F-4372-844D-07A97FBE1059}.Debug|Any CPU.Build.0 = Debug|Any CPU
		{905CE7EC-914F-4372-844D-07A97FBE1059}.Release|Any CPU.ActiveCfg = Release|Any CPU
		{905CE7EC-914F-4372-844D-07A97FBE1059}.Release|Any CPU.Build.0 = Release|Any CPU
		{5B05E790-14C8-4FD2-A37E-4894B71E675D}.Debug|Any CPU.ActiveCfg = Debug|Any CPU
		{5B05E790-14C8-4FD2-A37E-4894B71E675D}.Debug|Any CPU.Build.0 = Debug|Any CPU
		{5B05E790-14C8-4FD2-A37E-4894B71E675D}.Release|Any CPU.ActiveCfg = Release|Any CPU
		{5B05E790-14C8-4FD2-A37E-4894B71E675D}.Release|Any CPU.Build.0 = Release|Any CPU
		{81C476DC-AF02-4C0F-83F4-FA978BC1C959}.Debug|Any CPU.ActiveCfg = Debug|Any CPU
		{81C476DC-AF02-4C0F-83F4-FA978BC1C959}.Debug|Any CPU.Build.0 = Debug|Any CPU
		{81C476DC-AF02-4C0F-83F4-FA978BC1C959}.Release|Any CPU.ActiveCfg = Release|Any CPU
		{81C476DC-AF02-4C0F-83F4-FA978BC1C959}.Release|Any CPU.Build.0 = Release|Any CPU
		{DF322A3A-30C6-424A-8436-7A3E25A2BCC8}.Debug|Any CPU.ActiveCfg = Debug|Any CPU
		{DF322A3A-30C6-424A-8436-7A3E25A2BCC8}.Debug|Any CPU.Build.0 = Debug|Any CPU
		{DF322A3A-30C6-424A-8436-7A3E25A2BCC8}.Release|Any CPU.ActiveCfg = Release|Any CPU
		{DF322A3A-30C6-424A-8436-7A3E25A2BCC8}.Release|Any CPU.Build.0 = Release|Any CPU
		{4C2C97D4-A70A-4D3B-B6B9-07479E6BFE39}.Debug|Any CPU.ActiveCfg = Debug|Any CPU
		{4C2C97D4-A70A-4D3B-B6B9-07479E6BFE39}.Debug|Any CPU.Build.0 = Debug|Any CPU
		{4C2C97D4-A70A-4D3B-B6B9-07479E6BFE39}.Release|Any CPU.ActiveCfg = Release|Any CPU
		{4C2C97D4-A70A-4D3B-B6B9-07479E6BFE39}.Release|Any CPU.Build.0 = Release|Any CPU
		{E47810F2-AA92-4AD6-B9E0-3CA657E1DDB5}.Debug|Any CPU.ActiveCfg = Debug|Any CPU
		{E47810F2-AA92-4AD6-B9E0-3CA657E1DDB5}.Debug|Any CPU.Build.0 = Debug|Any CPU
		{E47810F2-AA92-4AD6-B9E0-3CA657E1DDB5}.Release|Any CPU.ActiveCfg = Release|Any CPU
		{E47810F2-AA92-4AD6-B9E0-3CA657E1DDB5}.Release|Any CPU.Build.0 = Release|Any CPU
		{5C48D41A-EE49-4ABB-8502-C919103302AE}.Debug|Any CPU.ActiveCfg = Debug|Any CPU
		{5C48D41A-EE49-4ABB-8502-C919103302AE}.Debug|Any CPU.Build.0 = Debug|Any CPU
		{5C48D41A-EE49-4ABB-8502-C919103302AE}.Release|Any CPU.ActiveCfg = Release|Any CPU
		{5C48D41A-EE49-4ABB-8502-C919103302AE}.Release|Any CPU.Build.0 = Release|Any CPU
		{9A6B058F-F224-4617-B81E-6E7ABF039BDB}.Debug|Any CPU.ActiveCfg = Debug|Any CPU
		{9A6B058F-F224-4617-B81E-6E7ABF039BDB}.Debug|Any CPU.Build.0 = Debug|Any CPU
		{9A6B058F-F224-4617-B81E-6E7ABF039BDB}.Release|Any CPU.ActiveCfg = Release|Any CPU
		{9A6B058F-F224-4617-B81E-6E7ABF039BDB}.Release|Any CPU.Build.0 = Release|Any CPU
		{5BD5F7FF-571D-41AD-81C5-010165367A11}.Debug|Any CPU.ActiveCfg = Debug|Any CPU
		{5BD5F7FF-571D-41AD-81C5-010165367A11}.Debug|Any CPU.Build.0 = Debug|Any CPU
		{5BD5F7FF-571D-41AD-81C5-010165367A11}.Release|Any CPU.ActiveCfg = Release|Any CPU
		{5BD5F7FF-571D-41AD-81C5-010165367A11}.Release|Any CPU.Build.0 = Release|Any CPU
		{EB0686FC-D748-4F68-AF70-F74BB17148C9}.Debug|Any CPU.ActiveCfg = Debug|Any CPU
		{EB0686FC-D748-4F68-AF70-F74BB17148C9}.Debug|Any CPU.Build.0 = Debug|Any CPU
		{EB0686FC-D748-4F68-AF70-F74BB17148C9}.Release|Any CPU.ActiveCfg = Release|Any CPU
		{EB0686FC-D748-4F68-AF70-F74BB17148C9}.Release|Any CPU.Build.0 = Release|Any CPU
		{434760F6-94C9-4A7B-B5D1-600593EF1A7A}.Debug|Any CPU.ActiveCfg = Debug|Any CPU
		{434760F6-94C9-4A7B-B5D1-600593EF1A7A}.Debug|Any CPU.Build.0 = Debug|Any CPU
		{434760F6-94C9-4A7B-B5D1-600593EF1A7A}.Release|Any CPU.ActiveCfg = Release|Any CPU
		{434760F6-94C9-4A7B-B5D1-600593EF1A7A}.Release|Any CPU.Build.0 = Release|Any CPU
		{AC88188C-FCC1-44DC-AA5B-52F1639D19E4}.Debug|Any CPU.ActiveCfg = Debug|Any CPU
		{AC88188C-FCC1-44DC-AA5B-52F1639D19E4}.Debug|Any CPU.Build.0 = Debug|Any CPU
		{AC88188C-FCC1-44DC-AA5B-52F1639D19E4}.Release|Any CPU.ActiveCfg = Release|Any CPU
		{AC88188C-FCC1-44DC-AA5B-52F1639D19E4}.Release|Any CPU.Build.0 = Release|Any CPU
		{4AFCA5AE-B575-4962-B115-CDCF5CA6FFCA}.Debug|Any CPU.ActiveCfg = Debug|Any CPU
		{4AFCA5AE-B575-4962-B115-CDCF5CA6FFCA}.Debug|Any CPU.Build.0 = Debug|Any CPU
		{4AFCA5AE-B575-4962-B115-CDCF5CA6FFCA}.Release|Any CPU.ActiveCfg = Release|Any CPU
		{4AFCA5AE-B575-4962-B115-CDCF5CA6FFCA}.Release|Any CPU.Build.0 = Release|Any CPU
		{901B7013-8F30-4DF9-87C2-6F3DDF9FDF48}.Debug|Any CPU.ActiveCfg = Debug|Any CPU
		{901B7013-8F30-4DF9-87C2-6F3DDF9FDF48}.Debug|Any CPU.Build.0 = Debug|Any CPU
		{901B7013-8F30-4DF9-87C2-6F3DDF9FDF48}.Release|Any CPU.ActiveCfg = Release|Any CPU
		{901B7013-8F30-4DF9-87C2-6F3DDF9FDF48}.Release|Any CPU.Build.0 = Release|Any CPU
		{535B234C-A0DF-437A-9545-6E61D98B08D6}.Debug|Any CPU.ActiveCfg = Debug|Any CPU
		{535B234C-A0DF-437A-9545-6E61D98B08D6}.Debug|Any CPU.Build.0 = Debug|Any CPU
		{535B234C-A0DF-437A-9545-6E61D98B08D6}.Release|Any CPU.ActiveCfg = Release|Any CPU
		{535B234C-A0DF-437A-9545-6E61D98B08D6}.Release|Any CPU.Build.0 = Release|Any CPU
		{B1244C43-7E48-46CD-853B-B537A180E7A4}.Debug|Any CPU.ActiveCfg = Debug|Any CPU
		{B1244C43-7E48-46CD-853B-B537A180E7A4}.Debug|Any CPU.Build.0 = Debug|Any CPU
		{B1244C43-7E48-46CD-853B-B537A180E7A4}.Release|Any CPU.ActiveCfg = Release|Any CPU
		{B1244C43-7E48-46CD-853B-B537A180E7A4}.Release|Any CPU.Build.0 = Release|Any CPU
		{B3E8DD4A-16C5-4F20-975D-CCCDB75A8C2A}.Debug|Any CPU.ActiveCfg = Debug|Any CPU
		{B3E8DD4A-16C5-4F20-975D-CCCDB75A8C2A}.Debug|Any CPU.Build.0 = Debug|Any CPU
		{B3E8DD4A-16C5-4F20-975D-CCCDB75A8C2A}.Release|Any CPU.ActiveCfg = Release|Any CPU
		{B3E8DD4A-16C5-4F20-975D-CCCDB75A8C2A}.Release|Any CPU.Build.0 = Release|Any CPU
		{1F8FF75B-62ED-46CE-8EC7-C5255C44173B}.Debug|Any CPU.ActiveCfg = Debug|Any CPU
		{1F8FF75B-62ED-46CE-8EC7-C5255C44173B}.Debug|Any CPU.Build.0 = Debug|Any CPU
		{1F8FF75B-62ED-46CE-8EC7-C5255C44173B}.Release|Any CPU.ActiveCfg = Release|Any CPU
		{1F8FF75B-62ED-46CE-8EC7-C5255C44173B}.Release|Any CPU.Build.0 = Release|Any CPU
		{D84B52C8-B358-44CF-947F-88007C21FB00}.Debug|Any CPU.ActiveCfg = Debug|Any CPU
		{D84B52C8-B358-44CF-947F-88007C21FB00}.Debug|Any CPU.Build.0 = Debug|Any CPU
		{D84B52C8-B358-44CF-947F-88007C21FB00}.Release|Any CPU.ActiveCfg = Release|Any CPU
		{D84B52C8-B358-44CF-947F-88007C21FB00}.Release|Any CPU.Build.0 = Release|Any CPU
		{99AEEE57-FB30-4C22-A86F-92B47CBA9E84}.Debug|Any CPU.ActiveCfg = Debug|Any CPU
		{99AEEE57-FB30-4C22-A86F-92B47CBA9E84}.Debug|Any CPU.Build.0 = Debug|Any CPU
		{99AEEE57-FB30-4C22-A86F-92B47CBA9E84}.Release|Any CPU.ActiveCfg = Release|Any CPU
		{99AEEE57-FB30-4C22-A86F-92B47CBA9E84}.Release|Any CPU.Build.0 = Release|Any CPU
		{DC014203-4464-4017-A8A7-3376959C00DE}.Debug|Any CPU.ActiveCfg = Debug|Any CPU
		{DC014203-4464-4017-A8A7-3376959C00DE}.Debug|Any CPU.Build.0 = Debug|Any CPU
		{DC014203-4464-4017-A8A7-3376959C00DE}.Release|Any CPU.ActiveCfg = Release|Any CPU
		{DC014203-4464-4017-A8A7-3376959C00DE}.Release|Any CPU.Build.0 = Release|Any CPU
	EndGlobalSection
	GlobalSection(SolutionProperties) = preSolution
		HideSolutionNode = FALSE
	EndGlobalSection
	GlobalSection(NestedProjects) = preSolution
		{19E508F2-7283-49FC-86BE-ECE79DF31D27} = {B56A1F76-8DC0-49A4-B3AF-2D7BC94FFD14}
		{905CE7EC-914F-4372-844D-07A97FBE1059} = {5A59CF0F-6C2D-4F57-9539-B0EA40B2FF73}
		{5B05E790-14C8-4FD2-A37E-4894B71E675D} = {32DDC747-B269-4D2C-BF20-40FDC2D1E6E5}
		{81C476DC-AF02-4C0F-83F4-FA978BC1C959} = {32DDC747-B269-4D2C-BF20-40FDC2D1E6E5}
		{DF322A3A-30C6-424A-8436-7A3E25A2BCC8} = {39D63C65-95ED-4FDF-8ADD-FFA59A6FBB61}
		{4C2C97D4-A70A-4D3B-B6B9-07479E6BFE39} = {39D63C65-95ED-4FDF-8ADD-FFA59A6FBB61}
		{E47810F2-AA92-4AD6-B9E0-3CA657E1DDB5} = {B56A1F76-8DC0-49A4-B3AF-2D7BC94FFD14}
		{9A6B058F-F224-4617-B81E-6E7ABF039BDB} = {A891270A-8042-4396-A038-7C994EDC1FED}
		{5BD5F7FF-571D-41AD-81C5-010165367A11} = {B56A1F76-8DC0-49A4-B3AF-2D7BC94FFD14}
		{EB0686FC-D748-4F68-AF70-F74BB17148C9} = {B56A1F76-8DC0-49A4-B3AF-2D7BC94FFD14}
		{434760F6-94C9-4A7B-B5D1-600593EF1A7A} = {39D63C65-95ED-4FDF-8ADD-FFA59A6FBB61}
		{AC88188C-FCC1-44DC-AA5B-52F1639D19E4} = {39D63C65-95ED-4FDF-8ADD-FFA59A6FBB61}
		{4AFCA5AE-B575-4962-B115-CDCF5CA6FFCA} = {1203DF7E-05D8-41A6-80A8-A18170F8F362}
		{901B7013-8F30-4DF9-87C2-6F3DDF9FDF48} = {2EA2A582-C691-4CF6-82E8-00306BF2B3D9}
		{535B234C-A0DF-437A-9545-6E61D98B08D6} = {2EA2A582-C691-4CF6-82E8-00306BF2B3D9}
		{B1244C43-7E48-46CD-853B-B537A180E7A4} = {1203DF7E-05D8-41A6-80A8-A18170F8F362}
		{B3E8DD4A-16C5-4F20-975D-CCCDB75A8C2A} = {2EA2A582-C691-4CF6-82E8-00306BF2B3D9}
		{1F8FF75B-62ED-46CE-8EC7-C5255C44173B} = {39D63C65-95ED-4FDF-8ADD-FFA59A6FBB61}
		{D84B52C8-B358-44CF-947F-88007C21FB00} = {39D63C65-95ED-4FDF-8ADD-FFA59A6FBB61}
		{99AEEE57-FB30-4C22-A86F-92B47CBA9E84} = {39D63C65-95ED-4FDF-8ADD-FFA59A6FBB61}
		{DC014203-4464-4017-A8A7-3376959C00DE} = {39D63C65-95ED-4FDF-8ADD-FFA59A6FBB61}
	EndGlobalSection
EndGlobal
