
Microsoft Visual Studio Solution File, Format Version 12.00
# Visual Studio 2013
VisualStudioVersion = 12.0.40629.0
MinimumVisualStudioVersion = 10.0.40219.1
Project("{FAE04EC0-301F-11D3-BF4B-00C04F79EFBC}") = "EsData.Utils", "EsData.Utils\EsData.Utils.csproj", "{8419B110-89A3-4BCD-B4A1-0717BF1982A2}"
EndProject
Project("{FAE04EC0-301F-11D3-BF4B-00C04F79EFBC}") = "EsData.Business", "EsData.Business\EsData.Business.csproj", "{F944007B-3683-4D83-8AC7-5A37BEEC3730}"
EndProject
Project("{FAE04EC0-301F-11D3-BF4B-00C04F79EFBC}") = "EsData.Configs", "EsData.Configs\EsData.Configs.csproj", "{ECCC381F-36EE-4580-A63B-31F2B65B0B81}"
EndProject
Project("{FAE04EC0-301F-11D3-BF4B-00C04F79EFBC}") = "EsData.DataInitService", "EsData.DataInitService\EsData.DataInitService.csproj", "{BA071676-AD9D-44AE-9B13-393262C61C51}"
EndProject
Project("{FAE04EC0-301F-11D3-BF4B-00C04F79EFBC}") = "EsData.DeleteService", "EsData.DeleteService\EsData.DeleteService.csproj", "{E83B5DC7-F89A-4928-B649-81E3073BF62F}"
EndProject
Project("{FAE04EC0-301F-11D3-BF4B-00C04F79EFBC}") = "EsData.InitTool", "EsData.InitTool\EsData.InitTool.csproj", "{B3894EFF-CBF2-4D4B-AE39-74C0A639F826}"
EndProject
Project("{FAE04EC0-301F-11D3-BF4B-00C04F79EFBC}") = "EsData.SyncService", "EsData.SyncService\EsData.SyncService.csproj", "{162E8123-A67D-4BD6-A8F0-5E23B2C1C093}"
EndProject
Project("{FAE04EC0-301F-11D3-BF4B-00C04F79EFBC}") = "EsData.Tools", "EsData.Tools\EsData.Tools.csproj", "{5FF5300D-EE75-4382-90A5-B2A61F21BD06}"
EndProject
Project("{FAE04EC0-301F-11D3-BF4B-00C04F79EFBC}") = "EsData.TrackService", "EsData.TrackService\EsData.TrackService.csproj", "{F32C9155-0128-4231-8AF4-59829C20FD75}"
EndProject
Project("{FAE04EC0-301F-11D3-BF4B-00C04F79EFBC}") = "HGShare.VWModel", "..\HGShareBackstage\HGShare.VWModel\HGShare.VWModel.csproj", "{81C476DC-AF02-4C0F-83F4-FA978BC1C959}"
EndProject
Project("{FAE04EC0-301F-11D3-BF4B-00C04F79EFBC}") = "HGShare.DataProvider", "..\HGShareBackstage\HGShare.DataProvider\HGShare.DataProvider.csproj", "{905CE7EC-914F-4372-844D-07A97FBE1059}"
EndProject
Project("{FAE04EC0-301F-11D3-BF4B-00C04F79EFBC}") = "EsData.Core", "EsData.Core\EsData.Core.csproj", "{BDD0E383-9988-4FBA-9986-F9F91DDA1AA0}"
EndProject
Project("{FAE04EC0-301F-11D3-BF4B-00C04F79EFBC}") = "EsData.DL", "EsData.DL\EsData.DL.csproj", "{87F73CDF-BFC2-4401-9649-838A01B35573}"
EndProject
Project("{2150E333-8FDC-42A3-9474-1A3956D46DE8}") = "Public", "Public", "{FC28641B-B790-42D6-9283-DB0CB928EBF2}"
EndProject
Project("{2150E333-8FDC-42A3-9474-1A3956D46DE8}") = "DevelopmentLayer", "DevelopmentLayer", "{FDE4E5FF-B842-4BF1-AE38-992C49D06E80}"
EndProject
Project("{FAE04EC0-301F-11D3-BF4B-00C04F79EFBC}") = "EsData.Dve.HGShares", "EsData.Dve.HGShares\EsData.Dve.HGShares.csproj", "{1AF9802D-63CA-42F5-8811-9433874E4940}"
EndProject
Project("{2150E333-8FDC-42A3-9474-1A3956D46DE8}") = "Services", "Services", "{9984BF56-1D8F-4580-B4B9-00DBD1A88F21}"
EndProject
Project("{2150E333-8FDC-42A3-9474-1A3956D46DE8}") = "Tools", "Tools", "{746FBAA0-3CC0-4939-916B-4F06372B7E83}"
EndProject
Project("{2150E333-8FDC-42A3-9474-1A3956D46DE8}") = "Base", "Base", "{083AC990-FA1A-47B4-9050-A925C794E0A1}"
EndProject
Project("{FAE04EC0-301F-11D3-BF4B-00C04F79EFBC}") = "EsData.Test", "EsData.Test\EsData.Test.csproj", "{98C6DC9A-7860-4184-9D0C-DEB34628B419}"
EndProject
Global
	GlobalSection(SolutionConfigurationPlatforms) = preSolution
		Debug|Any CPU = Debug|Any CPU
		Release|Any CPU = Release|Any CPU
	EndGlobalSection
	GlobalSection(ProjectConfigurationPlatforms) = postSolution
		{8419B110-89A3-4BCD-B4A1-0717BF1982A2}.Debug|Any CPU.ActiveCfg = Debug|Any CPU
		{8419B110-89A3-4BCD-B4A1-0717BF1982A2}.Debug|Any CPU.Build.0 = Debug|Any CPU
		{8419B110-89A3-4BCD-B4A1-0717BF1982A2}.Release|Any CPU.ActiveCfg = Release|Any CPU
		{8419B110-89A3-4BCD-B4A1-0717BF1982A2}.Release|Any CPU.Build.0 = Release|Any CPU
		{F944007B-3683-4D83-8AC7-5A37BEEC3730}.Debug|Any CPU.ActiveCfg = Debug|Any CPU
		{F944007B-3683-4D83-8AC7-5A37BEEC3730}.Debug|Any CPU.Build.0 = Debug|Any CPU
		{F944007B-3683-4D83-8AC7-5A37BEEC3730}.Release|Any CPU.ActiveCfg = Release|Any CPU
		{F944007B-3683-4D83-8AC7-5A37BEEC3730}.Release|Any CPU.Build.0 = Release|Any CPU
		{ECCC381F-36EE-4580-A63B-31F2B65B0B81}.Debug|Any CPU.ActiveCfg = Debug|Any CPU
		{ECCC381F-36EE-4580-A63B-31F2B65B0B81}.Debug|Any CPU.Build.0 = Debug|Any CPU
		{ECCC381F-36EE-4580-A63B-31F2B65B0B81}.Release|Any CPU.ActiveCfg = Release|Any CPU
		{ECCC381F-36EE-4580-A63B-31F2B65B0B81}.Release|Any CPU.Build.0 = Release|Any CPU
		{BA071676-AD9D-44AE-9B13-393262C61C51}.Debug|Any CPU.ActiveCfg = Debug|Any CPU
		{BA071676-AD9D-44AE-9B13-393262C61C51}.Debug|Any CPU.Build.0 = Debug|Any CPU
		{BA071676-AD9D-44AE-9B13-393262C61C51}.Release|Any CPU.ActiveCfg = Release|Any CPU
		{BA071676-AD9D-44AE-9B13-393262C61C51}.Release|Any CPU.Build.0 = Release|Any CPU
		{E83B5DC7-F89A-4928-B649-81E3073BF62F}.Debug|Any CPU.ActiveCfg = Debug|Any CPU
		{E83B5DC7-F89A-4928-B649-81E3073BF62F}.Debug|Any CPU.Build.0 = Debug|Any CPU
		{E83B5DC7-F89A-4928-B649-81E3073BF62F}.Release|Any CPU.ActiveCfg = Release|Any CPU
		{E83B5DC7-F89A-4928-B649-81E3073BF62F}.Release|Any CPU.Build.0 = Release|Any CPU
		{B3894EFF-CBF2-4D4B-AE39-74C0A639F826}.Debug|Any CPU.ActiveCfg = Debug|Any CPU
		{B3894EFF-CBF2-4D4B-AE39-74C0A639F826}.Debug|Any CPU.Build.0 = Debug|Any CPU
		{B3894EFF-CBF2-4D4B-AE39-74C0A639F826}.Release|Any CPU.ActiveCfg = Release|Any CPU
		{B3894EFF-CBF2-4D4B-AE39-74C0A639F826}.Release|Any CPU.Build.0 = Release|Any CPU
		{162E8123-A67D-4BD6-A8F0-5E23B2C1C093}.Debug|Any CPU.ActiveCfg = Debug|Any CPU
		{162E8123-A67D-4BD6-A8F0-5E23B2C1C093}.Debug|Any CPU.Build.0 = Debug|Any CPU
		{162E8123-A67D-4BD6-A8F0-5E23B2C1C093}.Release|Any CPU.ActiveCfg = Release|Any CPU
		{162E8123-A67D-4BD6-A8F0-5E23B2C1C093}.Release|Any CPU.Build.0 = Release|Any CPU
		{5FF5300D-EE75-4382-90A5-B2A61F21BD06}.Debug|Any CPU.ActiveCfg = Debug|Any CPU
		{5FF5300D-EE75-4382-90A5-B2A61F21BD06}.Debug|Any CPU.Build.0 = Debug|Any CPU
		{5FF5300D-EE75-4382-90A5-B2A61F21BD06}.Release|Any CPU.ActiveCfg = Release|Any CPU
		{5FF5300D-EE75-4382-90A5-B2A61F21BD06}.Release|Any CPU.Build.0 = Release|Any CPU
		{F32C9155-0128-4231-8AF4-59829C20FD75}.Debug|Any CPU.ActiveCfg = Debug|Any CPU
		{F32C9155-0128-4231-8AF4-59829C20FD75}.Debug|Any CPU.Build.0 = Debug|Any CPU
		{F32C9155-0128-4231-8AF4-59829C20FD75}.Release|Any CPU.ActiveCfg = Release|Any CPU
		{F32C9155-0128-4231-8AF4-59829C20FD75}.Release|Any CPU.Build.0 = Release|Any CPU
		{81C476DC-AF02-4C0F-83F4-FA978BC1C959}.Debug|Any CPU.ActiveCfg = Debug|Any CPU
		{81C476DC-AF02-4C0F-83F4-FA978BC1C959}.Debug|Any CPU.Build.0 = Debug|Any CPU
		{81C476DC-AF02-4C0F-83F4-FA978BC1C959}.Release|Any CPU.ActiveCfg = Release|Any CPU
		{81C476DC-AF02-4C0F-83F4-FA978BC1C959}.Release|Any CPU.Build.0 = Release|Any CPU
		{905CE7EC-914F-4372-844D-07A97FBE1059}.Debug|Any CPU.ActiveCfg = Debug|Any CPU
		{905CE7EC-914F-4372-844D-07A97FBE1059}.Debug|Any CPU.Build.0 = Debug|Any CPU
		{905CE7EC-914F-4372-844D-07A97FBE1059}.Release|Any CPU.ActiveCfg = Release|Any CPU
		{905CE7EC-914F-4372-844D-07A97FBE1059}.Release|Any CPU.Build.0 = Release|Any CPU
		{BDD0E383-9988-4FBA-9986-F9F91DDA1AA0}.Debug|Any CPU.ActiveCfg = Debug|Any CPU
		{BDD0E383-9988-4FBA-9986-F9F91DDA1AA0}.Debug|Any CPU.Build.0 = Debug|Any CPU
		{BDD0E383-9988-4FBA-9986-F9F91DDA1AA0}.Release|Any CPU.ActiveCfg = Release|Any CPU
		{BDD0E383-9988-4FBA-9986-F9F91DDA1AA0}.Release|Any CPU.Build.0 = Release|Any CPU
		{87F73CDF-BFC2-4401-9649-838A01B35573}.Debug|Any CPU.ActiveCfg = Debug|Any CPU
		{87F73CDF-BFC2-4401-9649-838A01B35573}.Debug|Any CPU.Build.0 = Debug|Any CPU
		{87F73CDF-BFC2-4401-9649-838A01B35573}.Release|Any CPU.ActiveCfg = Release|Any CPU
		{87F73CDF-BFC2-4401-9649-838A01B35573}.Release|Any CPU.Build.0 = Release|Any CPU
		{1AF9802D-63CA-42F5-8811-9433874E4940}.Debug|Any CPU.ActiveCfg = Debug|Any CPU
		{1AF9802D-63CA-42F5-8811-9433874E4940}.Debug|Any CPU.Build.0 = Debug|Any CPU
		{1AF9802D-63CA-42F5-8811-9433874E4940}.Release|Any CPU.ActiveCfg = Release|Any CPU
		{1AF9802D-63CA-42F5-8811-9433874E4940}.Release|Any CPU.Build.0 = Release|Any CPU
		{98C6DC9A-7860-4184-9D0C-DEB34628B419}.Debug|Any CPU.ActiveCfg = Debug|Any CPU
		{98C6DC9A-7860-4184-9D0C-DEB34628B419}.Debug|Any CPU.Build.0 = Debug|Any CPU
		{98C6DC9A-7860-4184-9D0C-DEB34628B419}.Release|Any CPU.ActiveCfg = Release|Any CPU
		{98C6DC9A-7860-4184-9D0C-DEB34628B419}.Release|Any CPU.Build.0 = Release|Any CPU
	EndGlobalSection
	GlobalSection(SolutionProperties) = preSolution
		HideSolutionNode = FALSE
	EndGlobalSection
	GlobalSection(NestedProjects) = preSolution
		{8419B110-89A3-4BCD-B4A1-0717BF1982A2} = {083AC990-FA1A-47B4-9050-A925C794E0A1}
		{F944007B-3683-4D83-8AC7-5A37BEEC3730} = {083AC990-FA1A-47B4-9050-A925C794E0A1}
		{ECCC381F-36EE-4580-A63B-31F2B65B0B81} = {083AC990-FA1A-47B4-9050-A925C794E0A1}
		{BA071676-AD9D-44AE-9B13-393262C61C51} = {9984BF56-1D8F-4580-B4B9-00DBD1A88F21}
		{E83B5DC7-F89A-4928-B649-81E3073BF62F} = {9984BF56-1D8F-4580-B4B9-00DBD1A88F21}
		{B3894EFF-CBF2-4D4B-AE39-74C0A639F826} = {746FBAA0-3CC0-4939-916B-4F06372B7E83}
		{162E8123-A67D-4BD6-A8F0-5E23B2C1C093} = {9984BF56-1D8F-4580-B4B9-00DBD1A88F21}
		{5FF5300D-EE75-4382-90A5-B2A61F21BD06} = {746FBAA0-3CC0-4939-916B-4F06372B7E83}
		{F32C9155-0128-4231-8AF4-59829C20FD75} = {9984BF56-1D8F-4580-B4B9-00DBD1A88F21}
		{81C476DC-AF02-4C0F-83F4-FA978BC1C959} = {FC28641B-B790-42D6-9283-DB0CB928EBF2}
		{905CE7EC-914F-4372-844D-07A97FBE1059} = {FC28641B-B790-42D6-9283-DB0CB928EBF2}
		{BDD0E383-9988-4FBA-9986-F9F91DDA1AA0} = {083AC990-FA1A-47B4-9050-A925C794E0A1}
		{87F73CDF-BFC2-4401-9649-838A01B35573} = {083AC990-FA1A-47B4-9050-A925C794E0A1}
		{1AF9802D-63CA-42F5-8811-9433874E4940} = {FDE4E5FF-B842-4BF1-AE38-992C49D06E80}
	EndGlobalSection
EndGlobal
